// !$*UTF8*$!
{
	archiveVersion = 1;
	classes = {
	};
	objectVersion = 56;
	objects = {

/* Begin PBXBuildFile section */
		0440C8592B77895A00E3F9E9 /* HomeViewController.swift in Sources */ = {isa = PBXBuildFile; fileRef = 0440C8582B77895A00E3F9E9 /* HomeViewController.swift */; };
		0440C8612B778AA600E3F9E9 /* MoviesCollectionViewCell.swift in Sources */ = {isa = PBXBuildFile; fileRef = 0440C85F2B778AA600E3F9E9 /* MoviesCollectionViewCell.swift */; };
		0440C8622B778AA600E3F9E9 /* MoviesCollectionViewCell.xib in Resources */ = {isa = PBXBuildFile; fileRef = 0440C8602B778AA600E3F9E9 /* MoviesCollectionViewCell.xib */; };
		04A3CD342B77E9040055C37A /* MediaContent.swift in Sources */ = {isa = PBXBuildFile; fileRef = 04A3CD332B77E9040055C37A /* MediaContent.swift */; };
		04A3CD392B77EAA00055C37A /* JSONReader.swift in Sources */ = {isa = PBXBuildFile; fileRef = 04A3CD382B77EAA00055C37A /* JSONReader.swift */; };
		04A7BFDC2B76969100009894 /* AppDelegate.swift in Sources */ = {isa = PBXBuildFile; fileRef = 04A7BFDB2B76969100009894 /* AppDelegate.swift */; };
		04A7BFDE2B76969100009894 /* SceneDelegate.swift in Sources */ = {isa = PBXBuildFile; fileRef = 04A7BFDD2B76969100009894 /* SceneDelegate.swift */; };
		04A7BFE02B76969100009894 /* ViewController.swift in Sources */ = {isa = PBXBuildFile; fileRef = 04A7BFDF2B76969100009894 /* ViewController.swift */; };
		04A7BFE52B76969300009894 /* Assets.xcassets in Resources */ = {isa = PBXBuildFile; fileRef = 04A7BFE42B76969300009894 /* Assets.xcassets */; };
		04A7BFE82B76969300009894 /* LaunchScreen.storyboard in Resources */ = {isa = PBXBuildFile; fileRef = 04A7BFE62B76969300009894 /* LaunchScreen.storyboard */; };
		04A7BFF12B7696B700009894 /* GoogleInteractiveMediaAds in Frameworks */ = {isa = PBXBuildFile; productRef = 04A7BFF02B7696B700009894 /* GoogleInteractiveMediaAds */; };
		04A7BFF72B76ABDF00009894 /* Main.storyboard in Resources */ = {isa = PBXBuildFile; fileRef = 04A7BFF62B76ABDF00009894 /* Main.storyboard */; };
		04BD45C22B79108B001ED42A /* horizontal_media_content.json in Resources */ = {isa = PBXBuildFile; fileRef = 04BD45C02B79108B001ED42A /* horizontal_media_content.json */; };
		04BD45C32B79108B001ED42A /* vertical_media_content.json in Resources */ = {isa = PBXBuildFile; fileRef = 04BD45C12B79108B001ED42A /* vertical_media_content.json */; };
/* End PBXBuildFile section */

/* Begin PBXFileReference section */
		0440C8582B77895A00E3F9E9 /* HomeViewController.swift */ = {isa = PBXFileReference; lastKnownFileType = sourcecode.swift; path = HomeViewController.swift; sourceTree = "<group>"; };
		0440C85F2B778AA600E3F9E9 /* MoviesCollectionViewCell.swift */ = {isa = PBXFileReference; lastKnownFileType = sourcecode.swift; path = MoviesCollectionViewCell.swift; sourceTree = "<group>"; };
		0440C8602B778AA600E3F9E9 /* MoviesCollectionViewCell.xib */ = {isa = PBXFileReference; lastKnownFileType = file.xib; path = MoviesCollectionViewCell.xib; sourceTree = "<group>"; };
		04A3CD332B77E9040055C37A /* MediaContent.swift */ = {isa = PBXFileReference; lastKnownFileType = sourcecode.swift; path = MediaContent.swift; sourceTree = "<group>"; };
		04A3CD382B77EAA00055C37A /* JSONReader.swift */ = {isa = PBXFileReference; lastKnownFileType = sourcecode.swift; path = JSONReader.swift; sourceTree = "<group>"; };
		04A7BFD82B76969100009894 /* StreamVideoApp.app */ = {isa = PBXFileReference; explicitFileType = wrapper.application; includeInIndex = 0; path = StreamVideoApp.app; sourceTree = BUILT_PRODUCTS_DIR; };
		04A7BFDB2B76969100009894 /* AppDelegate.swift */ = {isa = PBXFileReference; lastKnownFileType = sourcecode.swift; path = AppDelegate.swift; sourceTree = "<group>"; };
		04A7BFDD2B76969100009894 /* SceneDelegate.swift */ = {isa = PBXFileReference; lastKnownFileType = sourcecode.swift; path = SceneDelegate.swift; sourceTree = "<group>"; };
		04A7BFDF2B76969100009894 /* ViewController.swift */ = {isa = PBXFileReference; lastKnownFileType = sourcecode.swift; path = ViewController.swift; sourceTree = "<group>"; };
		04A7BFE42B76969300009894 /* Assets.xcassets */ = {isa = PBXFileReference; lastKnownFileType = folder.assetcatalog; path = Assets.xcassets; sourceTree = "<group>"; };
		04A7BFE72B76969300009894 /* Base */ = {isa = PBXFileReference; lastKnownFileType = file.storyboard; name = Base; path = Base.lproj/LaunchScreen.storyboard; sourceTree = "<group>"; };
		04A7BFE92B76969300009894 /* Info.plist */ = {isa = PBXFileReference; lastKnownFileType = text.plist.xml; path = Info.plist; sourceTree = "<group>"; };
		04A7BFF62B76ABDF00009894 /* Main.storyboard */ = {isa = PBXFileReference; lastKnownFileType = file.storyboard; path = Main.storyboard; sourceTree = "<group>"; };
		04BD45C02B79108B001ED42A /* horizontal_media_content.json */ = {isa = PBXFileReference; fileEncoding = 4; lastKnownFileType = text.json; path = horizontal_media_content.json; sourceTree = "<group>"; };
		04BD45C12B79108B001ED42A /* vertical_media_content.json */ = {isa = PBXFileReference; fileEncoding = 4; lastKnownFileType = text.json; path = vertical_media_content.json; sourceTree = "<group>"; };
/* End PBXFileReference section */

/* Begin PBXFrameworksBuildPhase section */
		04A7BFD52B76969100009894 /* Frameworks */ = {
			isa = PBXFrameworksBuildPhase;
			buildActionMask = 2147483647;
			files = (
				04A7BFF12B7696B700009894 /* GoogleInteractiveMediaAds in Frameworks */,
			);
			runOnlyForDeploymentPostprocessing = 0;
		};
/* End PBXFrameworksBuildPhase section */

/* Begin PBXGroup section */
		0440C85A2B778A3C00E3F9E9 /* Cells */ = {
			isa = PBXGroup;
			children = (
				0440C85F2B778AA600E3F9E9 /* MoviesCollectionViewCell.swift */,
				0440C8602B778AA600E3F9E9 /* MoviesCollectionViewCell.xib */,
			);
			path = Cells;
			sourceTree = "<group>";
		};
		04A3CD322B77E8EC0055C37A /* Models */ = {
			isa = PBXGroup;
			children = (
				04A3CD332B77E9040055C37A /* MediaContent.swift */,
			);
			path = Models;
			sourceTree = "<group>";
		};
		04A3CD352B77E9900055C37A /* Resources */ = {
			isa = PBXGroup;
			children = (
				04BD45C02B79108B001ED42A /* horizontal_media_content.json */,
				04BD45C12B79108B001ED42A /* vertical_media_content.json */,
			);
			path = Resources;
			sourceTree = "<group>";
		};
		04A3CD3A2B77EADD0055C37A /* Helpers */ = {
			isa = PBXGroup;
			children = (
				04A3CD382B77EAA00055C37A /* JSONReader.swift */,
			);
			path = Helpers;
			sourceTree = "<group>";
		};
		04A7BFCF2B76969100009894 = {
			isa = PBXGroup;
			children = (
				04A7BFDA2B76969100009894 /* StreamVideoApp */,
				04A7BFD92B76969100009894 /* Products */,
			);
			sourceTree = "<group>";
		};
		04A7BFD92B76969100009894 /* Products */ = {
			isa = PBXGroup;
			children = (
				04A7BFD82B76969100009894 /* StreamVideoApp.app */,
			);
			name = Products;
			sourceTree = "<group>";
		};
		04A7BFDA2B76969100009894 /* StreamVideoApp */ = {
			isa = PBXGroup;
			children = (
				04A3CD3A2B77EADD0055C37A /* Helpers */,
				04A3CD352B77E9900055C37A /* Resources */,
				04A3CD322B77E8EC0055C37A /* Models */,
				0440C85A2B778A3C00E3F9E9 /* Cells */,
				04A7BFDB2B76969100009894 /* AppDelegate.swift */,
				04A7BFDD2B76969100009894 /* SceneDelegate.swift */,
				0440C8582B77895A00E3F9E9 /* HomeViewController.swift */,
				04A7BFDF2B76969100009894 /* ViewController.swift */,
				04A7BFF62B76ABDF00009894 /* Main.storyboard */,
				04A7BFE42B76969300009894 /* Assets.xcassets */,
				04A7BFE62B76969300009894 /* LaunchScreen.storyboard */,
				04A7BFE92B76969300009894 /* Info.plist */,
			);
			path = StreamVideoApp;
			sourceTree = "<group>";
		};
/* End PBXGroup section */

/* Begin PBXNativeTarget section */
		04A7BFD72B76969100009894 /* StreamVideoApp */ = {
			isa = PBXNativeTarget;
			buildConfigurationList = 04A7BFEC2B76969300009894 /* Build configuration list for PBXNativeTarget "StreamVideoApp" */;
			buildPhases = (
				04A7BFD42B76969100009894 /* Sources */,
				04A7BFD52B76969100009894 /* Frameworks */,
				04A7BFD62B76969100009894 /* Resources */,
			);
			buildRules = (
			);
			dependencies = (
			);
			name = StreamVideoApp;
			packageProductDependencies = (
				04A7BFF02B7696B700009894 /* GoogleInteractiveMediaAds */,
			);
			productName = StreamVideoApp;
			productReference = 04A7BFD82B76969100009894 /* StreamVideoApp.app */;
			productType = "com.apple.product-type.application";
		};
/* End PBXNativeTarget section */

/* Begin PBXProject section */
		04A7BFD02B76969100009894 /* Project object */ = {
			isa = PBXProject;
			attributes = {
				BuildIndependentTargetsInParallel = 1;
				LastSwiftUpdateCheck = 1510;
				LastUpgradeCheck = 1510;
				TargetAttributes = {
					04A7BFD72B76969100009894 = {
						CreatedOnToolsVersion = 15.1;
					};
				};
			};
			buildConfigurationList = 04A7BFD32B76969100009894 /* Build configuration list for PBXProject "StreamVideoApp" */;
			compatibilityVersion = "Xcode 14.0";
			developmentRegion = en;
			hasScannedForEncodings = 0;
			knownRegions = (
				en,
				Base,
			);
			mainGroup = 04A7BFCF2B76969100009894;
			packageReferences = (
				04A7BFEF2B7696B700009894 /* XCRemoteSwiftPackageReference "swift-package-manager-google-interactive-media-ads-ios" */,
			);
			productRefGroup = 04A7BFD92B76969100009894 /* Products */;
			projectDirPath = "";
			projectRoot = "";
			targets = (
				04A7BFD72B76969100009894 /* StreamVideoApp */,
			);
		};
/* End PBXProject section */

/* Begin PBXResourcesBuildPhase section */
		04A7BFD62B76969100009894 /* Resources */ = {
			isa = PBXResourcesBuildPhase;
			buildActionMask = 2147483647;
			files = (
				04A7BFF72B76ABDF00009894 /* Main.storyboard in Resources */,
				04A7BFE82B76969300009894 /* LaunchScreen.storyboard in Resources */,
				0440C8622B778AA600E3F9E9 /* MoviesCollectionViewCell.xib in Resources */,
				04BD45C22B79108B001ED42A /* horizontal_media_content.json in Resources */,
				04BD45C32B79108B001ED42A /* vertical_media_content.json in Resources */,
				04A7BFE52B76969300009894 /* Assets.xcassets in Resources */,
			);
			runOnlyForDeploymentPostprocessing = 0;
		};
/* End PBXResourcesBuildPhase section */

/* Begin PBXSourcesBuildPhase section */
		04A7BFD42B76969100009894 /* Sources */ = {
			isa = PBXSourcesBuildPhase;
			buildActionMask = 2147483647;
			files = (
				04A7BFE02B76969100009894 /* ViewController.swift in Sources */,
				04A7BFDC2B76969100009894 /* AppDelegate.swift in Sources */,
				04A3CD342B77E9040055C37A /* MediaContent.swift in Sources */,
				0440C8612B778AA600E3F9E9 /* MoviesCollectionViewCell.swift in Sources */,
				04A3CD392B77EAA00055C37A /* JSONReader.swift in Sources */,
				04A7BFDE2B76969100009894 /* SceneDelegate.swift in Sources */,
				0440C8592B77895A00E3F9E9 /* HomeViewController.swift in Sources */,
			);
			runOnlyForDeploymentPostprocessing = 0;
		};
/* End PBXSourcesBuildPhase section */

/* Begin PBXVariantGroup section */
		04A7BFE62B76969300009894 /* LaunchScreen.storyboard */ = {
			isa = PBXVariantGroup;
			children = (
				04A7BFE72B76969300009894 /* Base */,
			);
			name = LaunchScreen.storyboard;
			sourceTree = "<group>";
		};
/* End PBXVariantGroup section */

/* Begin XCBuildConfiguration section */
		04A7BFEA2B76969300009894 /* Debug */ = {
			isa = XCBuildConfiguration;
			buildSettings = {
				ALWAYS_SEARCH_USER_PATHS = NO;
				ASSETCATALOG_COMPILER_GENERATE_SWIFT_ASSET_SYMBOL_EXTENSIONS = YES;
				CLANG_ANALYZER_NONNULL = YES;
				CLANG_ANALYZER_NUMBER_OBJECT_CONVERSION = YES_AGGRESSIVE;
				CLANG_CXX_LANGUAGE_STANDARD = "gnu++20";
				CLANG_ENABLE_MODULES = YES;
				CLANG_ENABLE_OBJC_ARC = YES;
				CLANG_ENABLE_OBJC_WEAK = YES;
				CLANG_WARN_BLOCK_CAPTURE_AUTORELEASING = YES;
				CLANG_WARN_BOOL_CONVERSION = YES;
				CLANG_WARN_COMMA = YES;
				CLANG_WARN_CONSTANT_CONVERSION = YES;
				CLANG_WARN_DEPRECATED_OBJC_IMPLEMENTATIONS = YES;
				CLANG_WARN_DIRECT_OBJC_ISA_USAGE = YES_ERROR;
				CLANG_WARN_DOCUMENTATION_COMMENTS = YES;
				CLANG_WARN_EMPTY_BODY = YES;
				CLANG_WARN_ENUM_CONVERSION = YES;
				CLANG_WARN_INFINITE_RECURSION = YES;
				CLANG_WARN_INT_CONVERSION = YES;
				CLANG_WARN_NON_LITERAL_NULL_CONVERSION = YES;
				CLANG_WARN_OBJC_IMPLICIT_RETAIN_SELF = YES;
				CLANG_WARN_OBJC_LITERAL_CONVERSION = YES;
				CLANG_WARN_OBJC_ROOT_CLASS = YES_ERROR;
				CLANG_WARN_QUOTED_INCLUDE_IN_FRAMEWORK_HEADER = YES;
				CLANG_WARN_RANGE_LOOP_ANALYSIS = YES;
				CLANG_WARN_STRICT_PROTOTYPES = YES;
				CLANG_WARN_SUSPICIOUS_MOVE = YES;
				CLANG_WARN_UNGUARDED_AVAILABILITY = YES_AGGRESSIVE;
				CLANG_WARN_UNREACHABLE_CODE = YES;
				CLANG_WARN__DUPLICATE_METHOD_MATCH = YES;
				COPY_PHASE_STRIP = NO;
				DEBUG_INFORMATION_FORMAT = dwarf;
				ENABLE_STRICT_OBJC_MSGSEND = YES;
				ENABLE_TESTABILITY = YES;
				ENABLE_USER_SCRIPT_SANDBOXING = YES;
				GCC_C_LANGUAGE_STANDARD = gnu17;
				GCC_DYNAMIC_NO_PIC = NO;
				GCC_NO_COMMON_BLOCKS = YES;
				GCC_OPTIMIZATION_LEVEL = 0;
				GCC_PREPROCESSOR_DEFINITIONS = (
					"DEBUG=1",
					"$(inherited)",
				);
				GCC_WARN_64_TO_32_BIT_CONVERSION = YES;
				GCC_WARN_ABOUT_RETURN_TYPE = YES_ERROR;
				GCC_WARN_UNDECLARED_SELECTOR = YES;
				GCC_WARN_UNINITIALIZED_AUTOS = YES_AGGRESSIVE;
				GCC_WARN_UNUSED_FUNCTION = YES;
				GCC_WARN_UNUSED_VARIABLE = YES;
				IPHONEOS_DEPLOYMENT_TARGET = 17.2;
				LOCALIZATION_PREFERS_STRING_CATALOGS = YES;
				MTL_ENABLE_DEBUG_INFO = INCLUDE_SOURCE;
				MTL_FAST_MATH = YES;
				ONLY_ACTIVE_ARCH = YES;
				SDKROOT = iphoneos;
				SWIFT_ACTIVE_COMPILATION_CONDITIONS = "DEBUG $(inherited)";
				SWIFT_OPTIMIZATION_LEVEL = "-Onone";
			};
			name = Debug;
		};
		04A7BFEB2B76969300009894 /* Release */ = {
			isa = XCBuildConfiguration;
			buildSettings = {
				ALWAYS_SEARCH_USER_PATHS = NO;
				ASSETCATALOG_COMPILER_GENERATE_SWIFT_ASSET_SYMBOL_EXTENSIONS = YES;
				CLANG_ANALYZER_NONNULL = YES;
				CLANG_ANALYZER_NUMBER_OBJECT_CONVERSION = YES_AGGRESSIVE;
				CLANG_CXX_LANGUAGE_STANDARD = "gnu++20";
				CLANG_ENABLE_MODULES = YES;
				CLANG_ENABLE_OBJC_ARC = YES;
				CLANG_ENABLE_OBJC_WEAK = YES;
				CLANG_WARN_BLOCK_CAPTURE_AUTORELEASING = YES;
				CLANG_WARN_BOOL_CONVERSION = YES;
				CLANG_WARN_COMMA = YES;
				CLANG_WARN_CONSTANT_CONVERSION = YES;
				CLANG_WARN_DEPRECATED_OBJC_IMPLEMENTATIONS = YES;
				CLANG_WARN_DIRECT_OBJC_ISA_USAGE = YES_ERROR;
				CLANG_WARN_DOCUMENTATION_COMMENTS = YES;
				CLANG_WARN_EMPTY_BODY = YES;
				CLANG_WARN_ENUM_CONVERSION = YES;
				CLANG_WARN_INFINITE_RECURSION = YES;
				CLANG_WARN_INT_CONVERSION = YES;
				CLANG_WARN_NON_LITERAL_NULL_CONVERSION = YES;
				CLANG_WARN_OBJC_IMPLICIT_RETAIN_SELF = YES;
				CLANG_WARN_OBJC_LITERAL_CONVERSION = YES;
				CLANG_WARN_OBJC_ROOT_CLASS = YES_ERROR;
				CLANG_WARN_QUOTED_INCLUDE_IN_FRAMEWORK_HEADER = YES;
				CLANG_WARN_RANGE_LOOP_ANALYSIS = YES;
				CLANG_WARN_STRICT_PROTOTYPES = YES;
				CLANG_WARN_SUSPICIOUS_MOVE = YES;
				CLANG_WARN_UNGUARDED_AVAILABILITY = YES_AGGRESSIVE;
				CLANG_WARN_UNREACHABLE_CODE = YES;
				CLANG_WARN__DUPLICATE_METHOD_MATCH = YES;
				COPY_PHASE_STRIP = NO;
				DEBUG_INFORMATION_FORMAT = "dwarf-with-dsym";
				ENABLE_NS_ASSERTIONS = NO;
				ENABLE_STRICT_OBJC_MSGSEND = YES;
				ENABLE_USER_SCRIPT_SANDBOXING = YES;
				GCC_C_LANGUAGE_STANDARD = gnu17;
				GCC_NO_COMMON_BLOCKS = YES;
				GCC_WARN_64_TO_32_BIT_CONVERSION = YES;
				GCC_WARN_ABOUT_RETURN_TYPE = YES_ERROR;
				GCC_WARN_UNDECLARED_SELECTOR = YES;
				GCC_WARN_UNINITIALIZED_AUTOS = YES_AGGRESSIVE;
				GCC_WARN_UNUSED_FUNCTION = YES;
				GCC_WARN_UNUSED_VARIABLE = YES;
				IPHONEOS_DEPLOYMENT_TARGET = 17.2;
				LOCALIZATION_PREFERS_STRING_CATALOGS = YES;
				MTL_ENABLE_DEBUG_INFO = NO;
				MTL_FAST_MATH = YES;
				SDKROOT = iphoneos;
				SWIFT_COMPILATION_MODE = wholemodule;
				VALIDATE_PRODUCT = YES;
			};
			name = Release;
		};
		04A7BFED2B76969300009894 /* Debug */ = {
			isa = XCBuildConfiguration;
			buildSettings = {
				ASSETCATALOG_COMPILER_APPICON_NAME = AppIcon;
				ASSETCATALOG_COMPILER_GLOBAL_ACCENT_COLOR_NAME = AccentColor;
				CODE_SIGN_STYLE = Automatic;
				CURRENT_PROJECT_VERSION = 1;
				DEVELOPMENT_TEAM = W5Q8K4TABD;
				GENERATE_INFOPLIST_FILE = YES;
				INFOPLIST_FILE = StreamVideoApp/Info.plist;
				INFOPLIST_KEY_CFBundleDisplayName = "Stream Video";
				INFOPLIST_KEY_UIApplicationSupportsIndirectInputEvents = YES;
				INFOPLIST_KEY_UILaunchStoryboardName = LaunchScreen;
				INFOPLIST_KEY_UIMainStoryboardFile = Main;
				INFOPLIST_KEY_UISupportedInterfaceOrientations_iPad = "UIInterfaceOrientationPortrait UIInterfaceOrientationPortraitUpsideDown UIInterfaceOrientationLandscapeLeft UIInterfaceOrientationLandscapeRight";
				INFOPLIST_KEY_UISupportedInterfaceOrientations_iPhone = "UIInterfaceOrientationPortrait UIInterfaceOrientationLandscapeLeft UIInterfaceOrientationLandscapeRight";
				LD_RUNPATH_SEARCH_PATHS = (
					"$(inherited)",
					"@executable_path/Frameworks",
				);
				MARKETING_VERSION = 1.0;
				PRODUCT_BUNDLE_IDENTIFIER = imps.StreamVideoApp;
				PRODUCT_NAME = "$(TARGET_NAME)";
				SWIFT_EMIT_LOC_STRINGS = YES;
				SWIFT_VERSION = 5.0;
				TARGETED_DEVICE_FAMILY = "1,2";
			};
			name = Debug;
		};
		04A7BFEE2B76969300009894 /* Release */ = {
			isa = XCBuildConfiguration;
			buildSettings = {
				ASSETCATALOG_COMPILER_APPICON_NAME = AppIcon;
				ASSETCATALOG_COMPILER_GLOBAL_ACCENT_COLOR_NAME = AccentColor;
				CODE_SIGN_STYLE = Automatic;
				CURRENT_PROJECT_VERSION = 1;
				DEVELOPMENT_TEAM = W5Q8K4TABD;
				GENERATE_INFOPLIST_FILE = YES;
				INFOPLIST_FILE = StreamVideoApp/Info.plist;
				INFOPLIST_KEY_CFBundleDisplayName = "Stream Video";
				INFOPLIST_KEY_UIApplicationSupportsIndirectInputEvents = YES;
				INFOPLIST_KEY_UILaunchStoryboardName = LaunchScreen;
				INFOPLIST_KEY_UIMainStoryboardFile = Main;
				INFOPLIST_KEY_UISupportedInterfaceOrientations_iPad = "UIInterfaceOrientationPortrait UIInterfaceOrientationPortraitUpsideDown UIInterfaceOrientationLandscapeLeft UIInterfaceOrientationLandscapeRight";
				INFOPLIST_KEY_UISupportedInterfaceOrientations_iPhone = "UIInterfaceOrientationPortrait UIInterfaceOrientationLandscapeLeft UIInterfaceOrientationLandscapeRight";
				LD_RUNPATH_SEARCH_PATHS = (
					"$(inherited)",
					"@executable_path/Frameworks",
				);
				MARKETING_VERSION = 1.0;
				PRODUCT_BUNDLE_IDENTIFIER = imps.StreamVideoApp;
				PRODUCT_NAME = "$(TARGET_NAME)";
				SWIFT_EMIT_LOC_STRINGS = YES;
				SWIFT_VERSION = 5.0;
				TARGETED_DEVICE_FAMILY = "1,2";
			};
			name = Release;
		};
/* End XCBuildConfiguration section */

/* Begin XCConfigurationList section */
		04A7BFD32B76969100009894 /* Build configuration list for PBXProject "StreamVideoApp" */ = {
			isa = XCConfigurationList;
			buildConfigurations = (
				04A7BFEA2B76969300009894 /* Debug */,
				04A7BFEB2B76969300009894 /* Release */,
			);
			defaultConfigurationIsVisible = 0;
			defaultConfigurationName = Release;
		};
		04A7BFEC2B76969300009894 /* Build configuration list for PBXNativeTarget "StreamVideoApp" */ = {
			isa = XCConfigurationList;
			buildConfigurations = (
				04A7BFED2B76969300009894 /* Debug */,
				04A7BFEE2B76969300009894 /* Release */,
			);
			defaultConfigurationIsVisible = 0;
			defaultConfigurationName = Release;
		};
/* End XCConfigurationList section */

/* Begin XCRemoteSwiftPackageReference section */
		04A7BFEF2B7696B700009894 /* XCRemoteSwiftPackageReference "swift-package-manager-google-interactive-media-ads-ios" */ = {
			isa = XCRemoteSwiftPackageReference;
			repositoryURL = "https://github.com/googleads/swift-package-manager-google-interactive-media-ads-ios";
			requirement = {
				branch = main;
				kind = branch;
			};
		};
/* End XCRemoteSwiftPackageReference section */

/* Begin XCSwiftPackageProductDependency section */
		04A7BFF02B7696B700009894 /* GoogleInteractiveMediaAds */ = {
			isa = XCSwiftPackageProductDependency;
			package = 04A7BFEF2B7696B700009894 /* XCRemoteSwiftPackageReference "swift-package-manager-google-interactive-media-ads-ios" */;
			productName = GoogleInteractiveMediaAds;
		};
/* End XCSwiftPackageProductDependency section */
	};
	rootObject = 04A7BFD02B76969100009894 /* Project object */;
}
